
Microsoft Visual Studio Solution File, Format Version 12.00
# Visual Studio Version 17
VisualStudioVersion = 17.4.33213.308
MinimumVisualStudioVersion = 10.0.40219.1
Project("{FAE04EC0-301F-11D3-BF4B-00C04F79EFBC}") = "ZH", "ZH.csproj", "{A05A403B-5941-4AF9-B899-F2BD21FD9899}"
EndProject
Global
	GlobalSection(SolutionConfigurationPlatforms) = preSolution
		Debug|Any CPU = Debug|Any CPU
		Release|Any CPU = Release|Any CPU
	EndGlobalSection
	GlobalSection(ProjectConfigurationPlatforms) = postSolution
		{A05A403B-5941-4AF9-B899-F2BD21FD9899}.Debug|Any CPU.ActiveCfg = Debug|Any CPU
		{A05A403B-5941-4AF9-B899-F2BD21FD9899}.Debug|Any CPU.Build.0 = Debug|Any CPU
		{A05A403B-5941-4AF9-B899-F2BD21FD9899}.Release|Any CPU.ActiveCfg = Release|Any CPU
		{A05A403B-5941-4AF9-B899-F2BD21FD9899}.Release|Any CPU.Build.0 = Release|Any CPU
	EndGlobalSection
	GlobalSection(SolutionProperties) = preSolution
		HideSolutionNode = FALSE
	EndGlobalSection
	GlobalSection(ExtensibilityGlobals) = postSolution
		SolutionGuid = {314F538A-4621-4845-A025-E13288BE5167}
	EndGlobalSection
EndGlobal
